
Microsoft Visual Studio Solution File, Format Version 12.00
# Visual Studio Version 16
VisualStudioVersion = 16.0.29418.71
MinimumVisualStudioVersion = 10.0.40219.1
Project("{FAE04EC0-301F-11D3-BF4B-00C04F79EFBC}") = "LiczbyPierwsze.Main", "LiczbyPierwsze.Main\LiczbyPierwsze.Main.csproj", "{E911372A-E703-4D57-B339-7C3F15978571}"
EndProject
Project("{FAE04EC0-301F-11D3-BF4B-00C04F79EFBC}") = "LiczbyPierwsze.Test", "LiczbyPierwsze.Test\LiczbyPierwsze.Test.csproj", "{F8999F5E-3F9E-4852-A80C-E1586DAC9C13}"
EndProject
Project("{FAE04EC0-301F-11D3-BF4B-00C04F79EFBC}") = "LiczbyPierwsze.Konsola1", "LiczbyPierwsze.Konsola1\LiczbyPierwsze.Konsola1.csproj", "{1A1E0E76-4594-4FFD-B627-CE98B1FA8C89}"
EndProject
Project("{FAE04EC0-301F-11D3-BF4B-00C04F79EFBC}") = "LiczbyPierwsze.WinForms", "LiczbyPierwsze.WinForms\LiczbyPierwsze.WinForms.csproj", "{1DD1BFF1-079F-4200-8FA4-1C3DB2875A90}"
EndProject
Project("{FAE04EC0-301F-11D3-BF4B-00C04F79EFBC}") = "LiczbyPierwsze.WebCoreApp1", "LiczbyPierwsze.WebCoreApp1\LiczbyPierwsze.WebCoreApp1.csproj", "{C4A80244-0680-4AE9-B348-0271FAA964CE}"
EndProject
Global
	GlobalSection(SolutionConfigurationPlatforms) = preSolution
		Debug|Any CPU = Debug|Any CPU
		Release|Any CPU = Release|Any CPU
	EndGlobalSection
	GlobalSection(ProjectConfigurationPlatforms) = postSolution
		{E911372A-E703-4D57-B339-7C3F15978571}.Debug|Any CPU.ActiveCfg = Debug|Any CPU
		{E911372A-E703-4D57-B339-7C3F15978571}.Debug|Any CPU.Build.0 = Debug|Any CPU
		{E911372A-E703-4D57-B339-7C3F15978571}.Release|Any CPU.ActiveCfg = Release|Any CPU
		{E911372A-E703-4D57-B339-7C3F15978571}.Release|Any CPU.Build.0 = Release|Any CPU
		{F8999F5E-3F9E-4852-A80C-E1586DAC9C13}.Debug|Any CPU.ActiveCfg = Debug|Any CPU
		{F8999F5E-3F9E-4852-A80C-E1586DAC9C13}.Debug|Any CPU.Build.0 = Debug|Any CPU
		{F8999F5E-3F9E-4852-A80C-E1586DAC9C13}.Release|Any CPU.ActiveCfg = Release|Any CPU
		{F8999F5E-3F9E-4852-A80C-E1586DAC9C13}.Release|Any CPU.Build.0 = Release|Any CPU
		{1A1E0E76-4594-4FFD-B627-CE98B1FA8C89}.Debug|Any CPU.ActiveCfg = Debug|Any CPU
		{1A1E0E76-4594-4FFD-B627-CE98B1FA8C89}.Debug|Any CPU.Build.0 = Debug|Any CPU
		{1A1E0E76-4594-4FFD-B627-CE98B1FA8C89}.Release|Any CPU.ActiveCfg = Release|Any CPU
		{1A1E0E76-4594-4FFD-B627-CE98B1FA8C89}.Release|Any CPU.Build.0 = Release|Any CPU
		{1DD1BFF1-079F-4200-8FA4-1C3DB2875A90}.Debug|Any CPU.ActiveCfg = Debug|Any CPU
		{1DD1BFF1-079F-4200-8FA4-1C3DB2875A90}.Debug|Any CPU.Build.0 = Debug|Any CPU
		{1DD1BFF1-079F-4200-8FA4-1C3DB2875A90}.Release|Any CPU.ActiveCfg = Release|Any CPU
		{1DD1BFF1-079F-4200-8FA4-1C3DB2875A90}.Release|Any CPU.Build.0 = Release|Any CPU
		{C4A80244-0680-4AE9-B348-0271FAA964CE}.Debug|Any CPU.ActiveCfg = Debug|Any CPU
		{C4A80244-0680-4AE9-B348-0271FAA964CE}.Debug|Any CPU.Build.0 = Debug|Any CPU
		{C4A80244-0680-4AE9-B348-0271FAA964CE}.Release|Any CPU.ActiveCfg = Release|Any CPU
		{C4A80244-0680-4AE9-B348-0271FAA964CE}.Release|Any CPU.Build.0 = Release|Any CPU
	EndGlobalSection
	GlobalSection(SolutionProperties) = preSolution
		HideSolutionNode = FALSE
	EndGlobalSection
	GlobalSection(ExtensibilityGlobals) = postSolution
		SolutionGuid = {052C203C-1CB8-47DA-AAB0-EA8A0D47130B}
	EndGlobalSection
EndGlobal
